
Microsoft Visual Studio Solution File, Format Version 12.00
# Visual Studio Version 16
VisualStudioVersion = 16.0.30114.105
MinimumVisualStudioVersion = 10.0.40219.1
Project("{FAE04EC0-301F-11D3-BF4B-00C04F79EFBC}") = "App_GridLayout1.UWP", "App_GridLayout1\App_GridLayout1.UWP\App_GridLayout1.UWP.csproj", "{B8CD60AB-AA4B-4EA2-B56E-536933EAA82B}"
EndProject
Project("{FAE04EC0-301F-11D3-BF4B-00C04F79EFBC}") = "App_GridLayout1.Android", "App_GridLayout1\App_GridLayout1.Android\App_GridLayout1.Android.csproj", "{A70456FC-5EF5-448E-B0D3-7F082B531136}"
EndProject
Project("{FAE04EC0-301F-11D3-BF4B-00C04F79EFBC}") = "App_GridLayout1.iOS", "App_GridLayout1\App_GridLayout1.iOS\App_GridLayout1.iOS.csproj", "{96A78CC8-B0FE-4032-8689-D57C9AD5731D}"
EndProject
Project("{FAE04EC0-301F-11D3-BF4B-00C04F79EFBC}") = "App_GridLayout1", "App_GridLayout1\App_GridLayout1\App_GridLayout1.csproj", "{079E8CEA-48CF-46BE-8075-157803083DFA}"
EndProject
Global
	GlobalSection(SolutionConfigurationPlatforms) = preSolution
		Debug|Any CPU = Debug|Any CPU
		Debug|ARM = Debug|ARM
		Debug|iPhone = Debug|iPhone
		Debug|iPhoneSimulator = Debug|iPhoneSimulator
		Debug|x64 = Debug|x64
		Debug|x86 = Debug|x86
		Release|Any CPU = Release|Any CPU
		Release|ARM = Release|ARM
		Release|iPhone = Release|iPhone
		Release|iPhoneSimulator = Release|iPhoneSimulator
		Release|x64 = Release|x64
		Release|x86 = Release|x86
	EndGlobalSection
	GlobalSection(ProjectConfigurationPlatforms) = postSolution
		{B8CD60AB-AA4B-4EA2-B56E-536933EAA82B}.Debug|Any CPU.ActiveCfg = Debug|x86
		{B8CD60AB-AA4B-4EA2-B56E-536933EAA82B}.Debug|Any CPU.Build.0 = Debug|x86
		{B8CD60AB-AA4B-4EA2-B56E-536933EAA82B}.Debug|Any CPU.Deploy.0 = Debug|x86
		{B8CD60AB-AA4B-4EA2-B56E-536933EAA82B}.Debug|ARM.ActiveCfg = Debug|ARM
		{B8CD60AB-AA4B-4EA2-B56E-536933EAA82B}.Debug|ARM.Build.0 = Debug|ARM
		{B8CD60AB-AA4B-4EA2-B56E-536933EAA82B}.Debug|ARM.Deploy.0 = Debug|ARM
		{B8CD60AB-AA4B-4EA2-B56E-536933EAA82B}.Debug|iPhone.ActiveCfg = Debug|x86
		{B8CD60AB-AA4B-4EA2-B56E-536933EAA82B}.Debug|iPhone.Build.0 = Debug|x86
		{B8CD60AB-AA4B-4EA2-B56E-536933EAA82B}.Debug|iPhone.Deploy.0 = Debug|x86
		{B8CD60AB-AA4B-4EA2-B56E-536933EAA82B}.Debug|iPhoneSimulator.ActiveCfg = Debug|x86
		{B8CD60AB-AA4B-4EA2-B56E-536933EAA82B}.Debug|iPhoneSimulator.Build.0 = Debug|x86
		{B8CD60AB-AA4B-4EA2-B56E-536933EAA82B}.Debug|iPhoneSimulator.Deploy.0 = Debug|x86
		{B8CD60AB-AA4B-4EA2-B56E-536933EAA82B}.Debug|x64.ActiveCfg = Debug|x64
		{B8CD60AB-AA4B-4EA2-B56E-536933EAA82B}.Debug|x64.Build.0 = Debug|x64
		{B8CD60AB-AA4B-4EA2-B56E-536933EAA82B}.Debug|x64.Deploy.0 = Debug|x64
		{B8CD60AB-AA4B-4EA2-B56E-536933EAA82B}.Debug|x86.ActiveCfg = Debug|x86
		{B8CD60AB-AA4B-4EA2-B56E-536933EAA82B}.Debug|x86.Build.0 = Debug|x86
		{B8CD60AB-AA4B-4EA2-B56E-536933EAA82B}.Debug|x86.Deploy.0 = Debug|x86
		{B8CD60AB-AA4B-4EA2-B56E-536933EAA82B}.Release|Any CPU.ActiveCfg = Release|x86
		{B8CD60AB-AA4B-4EA2-B56E-536933EAA82B}.Release|Any CPU.Build.0 = Release|x86
		{B8CD60AB-AA4B-4EA2-B56E-536933EAA82B}.Release|Any CPU.Deploy.0 = Release|x86
		{B8CD60AB-AA4B-4EA2-B56E-536933EAA82B}.Release|ARM.ActiveCfg = Release|ARM
		{B8CD60AB-AA4B-4EA2-B56E-536933EAA82B}.Release|ARM.Build.0 = Release|ARM
		{B8CD60AB-AA4B-4EA2-B56E-536933EAA82B}.Release|ARM.Deploy.0 = Release|ARM
		{B8CD60AB-AA4B-4EA2-B56E-536933EAA82B}.Release|iPhone.ActiveCfg = Release|x86
		{B8CD60AB-AA4B-4EA2-B56E-536933EAA82B}.Release|iPhone.Build.0 = Release|x86
		{B8CD60AB-AA4B-4EA2-B56E-536933EAA82B}.Release|iPhone.Deploy.0 = Release|x86
		{B8CD60AB-AA4B-4EA2-B56E-536933EAA82B}.Release|iPhoneSimulator.ActiveCfg = Release|x86
		{B8CD60AB-AA4B-4EA2-B56E-536933EAA82B}.Release|iPhoneSimulator.Build.0 = Release|x86
		{B8CD60AB-AA4B-4EA2-B56E-536933EAA82B}.Release|iPhoneSimulator.Deploy.0 = Release|x86
		{B8CD60AB-AA4B-4EA2-B56E-536933EAA82B}.Release|x64.ActiveCfg = Release|x64
		{B8CD60AB-AA4B-4EA2-B56E-536933EAA82B}.Release|x64.Build.0 = Release|x64
		{B8CD60AB-AA4B-4EA2-B56E-536933EAA82B}.Release|x64.Deploy.0 = Release|x64
		{B8CD60AB-AA4B-4EA2-B56E-536933EAA82B}.Release|x86.ActiveCfg = Release|x86
		{B8CD60AB-AA4B-4EA2-B56E-536933EAA82B}.Release|x86.Build.0 = Release|x86
		{B8CD60AB-AA4B-4EA2-B56E-536933EAA82B}.Release|x86.Deploy.0 = Release|x86
		{A70456FC-5EF5-448E-B0D3-7F082B531136}.Debug|Any CPU.ActiveCfg = Debug|Any CPU
		{A70456FC-5EF5-448E-B0D3-7F082B531136}.Debug|Any CPU.Build.0 = Debug|Any CPU
		{A70456FC-5EF5-448E-B0D3-7F082B531136}.Debug|Any CPU.Deploy.0 = Debug|Any CPU
		{A70456FC-5EF5-448E-B0D3-7F082B531136}.Debug|ARM.ActiveCfg = Debug|Any CPU
		{A70456FC-5EF5-448E-B0D3-7F082B531136}.Debug|ARM.Build.0 = Debug|Any CPU
		{A70456FC-5EF5-448E-B0D3-7F082B531136}.Debug|ARM.Deploy.0 = Debug|Any CPU
		{A70456FC-5EF5-448E-B0D3-7F082B531136}.Debug|iPhone.ActiveCfg = Debug|Any CPU
		{A70456FC-5EF5-448E-B0D3-7F082B531136}.Debug|iPhone.Build.0 = Debug|Any CPU
		{A70456FC-5EF5-448E-B0D3-7F082B531136}.Debug|iPhone.Deploy.0 = Debug|Any CPU
		{A70456FC-5EF5-448E-B0D3-7F082B531136}.Debug|iPhoneSimulator.ActiveCfg = Debug|Any CPU
		{A70456FC-5EF5-448E-B0D3-7F082B531136}.Debug|iPhoneSimulator.Build.0 = Debug|Any CPU
		{A70456FC-5EF5-448E-B0D3-7F082B531136}.Debug|iPhoneSimulator.Deploy.0 = Debug|Any CPU
		{A70456FC-5EF5-448E-B0D3-7F082B531136}.Debug|x64.ActiveCfg = Debug|Any CPU
		{A70456FC-5EF5-448E-B0D3-7F082B531136}.Debug|x64.Build.0 = Debug|Any CPU
		{A70456FC-5EF5-448E-B0D3-7F082B531136}.Debug|x64.Deploy.0 = Debug|Any CPU
		{A70456FC-5EF5-448E-B0D3-7F082B531136}.Debug|x86.ActiveCfg = Debug|Any CPU
		{A70456FC-5EF5-448E-B0D3-7F082B531136}.Debug|x86.Build.0 = Debug|Any CPU
		{A70456FC-5EF5-448E-B0D3-7F082B531136}.Debug|x86.Deploy.0 = Debug|Any CPU
		{A70456FC-5EF5-448E-B0D3-7F082B531136}.Release|Any CPU.ActiveCfg = Release|Any CPU
		{A70456FC-5EF5-448E-B0D3-7F082B531136}.Release|Any CPU.Build.0 = Release|Any CPU
		{A70456FC-5EF5-448E-B0D3-7F082B531136}.Release|Any CPU.Deploy.0 = Release|Any CPU
		{A70456FC-5EF5-448E-B0D3-7F082B531136}.Release|ARM.ActiveCfg = Release|Any CPU
		{A70456FC-5EF5-448E-B0D3-7F082B531136}.Release|ARM.Build.0 = Release|Any CPU
		{A70456FC-5EF5-448E-B0D3-7F082B531136}.Release|ARM.Deploy.0 = Release|Any CPU
		{A70456FC-5EF5-448E-B0D3-7F082B531136}.Release|iPhone.ActiveCfg = Release|Any CPU
		{A70456FC-5EF5-448E-B0D3-7F082B531136}.Release|iPhone.Build.0 = Release|Any CPU
		{A70456FC-5EF5-448E-B0D3-7F082B531136}.Release|iPhone.Deploy.0 = Release|Any CPU
		{A70456FC-5EF5-448E-B0D3-7F082B531136}.Release|iPhoneSimulator.ActiveCfg = Release|Any CPU
		{A70456FC-5EF5-448E-B0D3-7F082B531136}.Release|iPhoneSimulator.Build.0 = Release|Any CPU
		{A70456FC-5EF5-448E-B0D3-7F082B531136}.Release|iPhoneSimulator.Deploy.0 = Release|Any CPU
		{A70456FC-5EF5-448E-B0D3-7F082B531136}.Release|x64.ActiveCfg = Release|Any CPU
		{A70456FC-5EF5-448E-B0D3-7F082B531136}.Release|x64.Build.0 = Release|Any CPU
		{A70456FC-5EF5-448E-B0D3-7F082B531136}.Release|x64.Deploy.0 = Release|Any CPU
		{A70456FC-5EF5-448E-B0D3-7F082B531136}.Release|x86.ActiveCfg = Release|Any CPU
		{A70456FC-5EF5-448E-B0D3-7F082B531136}.Release|x86.Build.0 = Release|Any CPU
		{A70456FC-5EF5-448E-B0D3-7F082B531136}.Release|x86.Deploy.0 = Release|Any CPU
		{96A78CC8-B0FE-4032-8689-D57C9AD5731D}.Debug|Any CPU.ActiveCfg = Debug|iPhone
		{96A78CC8-B0FE-4032-8689-D57C9AD5731D}.Debug|Any CPU.Build.0 = Debug|iPhone
		{96A78CC8-B0FE-4032-8689-D57C9AD5731D}.Debug|Any CPU.Deploy.0 = Debug|iPhone
		{96A78CC8-B0FE-4032-8689-D57C9AD5731D}.Debug|ARM.ActiveCfg = Debug|iPhone
		{96A78CC8-B0FE-4032-8689-D57C9AD5731D}.Debug|ARM.Build.0 = Debug|iPhone
		{96A78CC8-B0FE-4032-8689-D57C9AD5731D}.Debug|ARM.Deploy.0 = Debug|iPhone
		{96A78CC8-B0FE-4032-8689-D57C9AD5731D}.Debug|iPhone.ActiveCfg = Debug|iPhone
		{96A78CC8-B0FE-4032-8689-D57C9AD5731D}.Debug|iPhone.Build.0 = Debug|iPhone
		{96A78CC8-B0FE-4032-8689-D57C9AD5731D}.Debug|iPhone.Deploy.0 = Debug|iPhone
		{96A78CC8-B0FE-4032-8689-D57C9AD5731D}.Debug|iPhoneSimulator.ActiveCfg = Debug|iPhoneSimulator
		{96A78CC8-B0FE-4032-8689-D57C9AD5731D}.Debug|iPhoneSimulator.Build.0 = Debug|iPhoneSimulator
		{96A78CC8-B0FE-4032-8689-D57C9AD5731D}.Debug|iPhoneSimulator.Deploy.0 = Debug|iPhoneSimulator
		{96A78CC8-B0FE-4032-8689-D57C9AD5731D}.Debug|x64.ActiveCfg = Debug|iPhone
		{96A78CC8-B0FE-4032-8689-D57C9AD5731D}.Debug|x64.Build.0 = Debug|iPhone
		{96A78CC8-B0FE-4032-8689-D57C9AD5731D}.Debug|x64.Deploy.0 = Debug|iPhone
		{96A78CC8-B0FE-4032-8689-D57C9AD5731D}.Debug|x86.ActiveCfg = Debug|iPhone
		{96A78CC8-B0FE-4032-8689-D57C9AD5731D}.Debug|x86.Build.0 = Debug|iPhone
		{96A78CC8-B0FE-4032-8689-D57C9AD5731D}.Debug|x86.Deploy.0 = Debug|iPhone
		{96A78CC8-B0FE-4032-8689-D57C9AD5731D}.Release|Any CPU.ActiveCfg = Release|iPhone
		{96A78CC8-B0FE-4032-8689-D57C9AD5731D}.Release|Any CPU.Build.0 = Release|iPhone
		{96A78CC8-B0FE-4032-8689-D57C9AD5731D}.Release|Any CPU.Deploy.0 = Release|iPhone
		{96A78CC8-B0FE-4032-8689-D57C9AD5731D}.Release|ARM.ActiveCfg = Release|iPhone
		{96A78CC8-B0FE-4032-8689-D57C9AD5731D}.Release|ARM.Build.0 = Release|iPhone
		{96A78CC8-B0FE-4032-8689-D57C9AD5731D}.Release|ARM.Deploy.0 = Release|iPhone
		{96A78CC8-B0FE-4032-8689-D57C9AD5731D}.Release|iPhone.ActiveCfg = Release|iPhone
		{96A78CC8-B0FE-4032-8689-D57C9AD5731D}.Release|iPhone.Build.0 = Release|iPhone
		{96A78CC8-B0FE-4032-8689-D57C9AD5731D}.Release|iPhone.Deploy.0 = Release|iPhone
		{96A78CC8-B0FE-4032-8689-D57C9AD5731D}.Release|iPhoneSimulator.ActiveCfg = Release|iPhoneSimulator
		{96A78CC8-B0FE-4032-8689-D57C9AD5731D}.Release|iPhoneSimulator.Build.0 = Release|iPhoneSimulator
		{96A78CC8-B0FE-4032-8689-D57C9AD5731D}.Release|iPhoneSimulator.Deploy.0 = Release|iPhoneSimulator
		{96A78CC8-B0FE-4032-8689-D57C9AD5731D}.Release|x64.ActiveCfg = Release|iPhone
		{96A78CC8-B0FE-4032-8689-D57C9AD5731D}.Release|x64.Build.0 = Release|iPhone
		{96A78CC8-B0FE-4032-8689-D57C9AD5731D}.Release|x64.Deploy.0 = Release|iPhone
		{96A78CC8-B0FE-4032-8689-D57C9AD5731D}.Release|x86.ActiveCfg = Release|iPhone
		{96A78CC8-B0FE-4032-8689-D57C9AD5731D}.Release|x86.Build.0 = Release|iPhone
		{96A78CC8-B0FE-4032-8689-D57C9AD5731D}.Release|x86.Deploy.0 = Release|iPhone
		{079E8CEA-48CF-46BE-8075-157803083DFA}.Debug|Any CPU.ActiveCfg = Debug|Any CPU
		{079E8CEA-48CF-46BE-8075-157803083DFA}.Debug|Any CPU.Build.0 = Debug|Any CPU
		{079E8CEA-48CF-46BE-8075-157803083DFA}.Debug|Any CPU.Deploy.0 = Debug|Any CPU
		{079E8CEA-48CF-46BE-8075-157803083DFA}.Debug|ARM.ActiveCfg = Debug|Any CPU
		{079E8CEA-48CF-46BE-8075-157803083DFA}.Debug|ARM.Build.0 = Debug|Any CPU
		{079E8CEA-48CF-46BE-8075-157803083DFA}.Debug|ARM.Deploy.0 = Debug|Any CPU
		{079E8CEA-48CF-46BE-8075-157803083DFA}.Debug|iPhone.ActiveCfg = Debug|Any CPU
		{079E8CEA-48CF-46BE-8075-157803083DFA}.Debug|iPhone.Build.0 = Debug|Any CPU
		{079E8CEA-48CF-46BE-8075-157803083DFA}.Debug|iPhone.Deploy.0 = Debug|Any CPU
		{079E8CEA-48CF-46BE-8075-157803083DFA}.Debug|iPhoneSimulator.ActiveCfg = Debug|Any CPU
		{079E8CEA-48CF-46BE-8075-157803083DFA}.Debug|iPhoneSimulator.Build.0 = Debug|Any CPU
		{079E8CEA-48CF-46BE-8075-157803083DFA}.Debug|iPhoneSimulator.Deploy.0 = Debug|Any CPU
		{079E8CEA-48CF-46BE-8075-157803083DFA}.Debug|x64.ActiveCfg = Debug|Any CPU
		{079E8CEA-48CF-46BE-8075-157803083DFA}.Debug|x64.Build.0 = Debug|Any CPU
		{079E8CEA-48CF-46BE-8075-157803083DFA}.Debug|x64.Deploy.0 = Debug|Any CPU
		{079E8CEA-48CF-46BE-8075-157803083DFA}.Debug|x86.ActiveCfg = Debug|Any CPU
		{079E8CEA-48CF-46BE-8075-157803083DFA}.Debug|x86.Build.0 = Debug|Any CPU
		{079E8CEA-48CF-46BE-8075-157803083DFA}.Debug|x86.Deploy.0 = Debug|Any CPU
		{079E8CEA-48CF-46BE-8075-157803083DFA}.Release|Any CPU.ActiveCfg = Release|Any CPU
		{079E8CEA-48CF-46BE-8075-157803083DFA}.Release|Any CPU.Build.0 = Release|Any CPU
		{079E8CEA-48CF-46BE-8075-157803083DFA}.Release|Any CPU.Deploy.0 = Release|Any CPU
		{079E8CEA-48CF-46BE-8075-157803083DFA}.Release|ARM.ActiveCfg = Release|Any CPU
		{079E8CEA-48CF-46BE-8075-157803083DFA}.Release|ARM.Build.0 = Release|Any CPU
		{079E8CEA-48CF-46BE-8075-157803083DFA}.Release|ARM.Deploy.0 = Release|Any CPU
		{079E8CEA-48CF-46BE-8075-157803083DFA}.Release|iPhone.ActiveCfg = Release|Any CPU
		{079E8CEA-48CF-46BE-8075-157803083DFA}.Release|iPhone.Build.0 = Release|Any CPU
		{079E8CEA-48CF-46BE-8075-157803083DFA}.Release|iPhone.Deploy.0 = Release|Any CPU
		{079E8CEA-48CF-46BE-8075-157803083DFA}.Release|iPhoneSimulator.ActiveCfg = Release|Any CPU
		{079E8CEA-48CF-46BE-8075-157803083DFA}.Release|iPhoneSimulator.Build.0 = Release|Any CPU
		{079E8CEA-48CF-46BE-8075-157803083DFA}.Release|iPhoneSimulator.Deploy.0 = Release|Any CPU
		{079E8CEA-48CF-46BE-8075-157803083DFA}.Release|x64.ActiveCfg = Release|Any CPU
		{079E8CEA-48CF-46BE-8075-157803083DFA}.Release|x64.Build.0 = Release|Any CPU
		{079E8CEA-48CF-46BE-8075-157803083DFA}.Release|x64.Deploy.0 = Release|Any CPU
		{079E8CEA-48CF-46BE-8075-157803083DFA}.Release|x86.ActiveCfg = Release|Any CPU
		{079E8CEA-48CF-46BE-8075-157803083DFA}.Release|x86.Build.0 = Release|Any CPU
		{079E8CEA-48CF-46BE-8075-157803083DFA}.Release|x86.Deploy.0 = Release|Any CPU
	EndGlobalSection
	GlobalSection(SolutionProperties) = preSolution
		HideSolutionNode = FALSE
	EndGlobalSection
	GlobalSection(ExtensibilityGlobals) = postSolution
		SolutionGuid = {8E2EADED-1554-4D0C-A370-FD0F18DA49AA}
	EndGlobalSection
EndGlobal
